
Microsoft Visual Studio Solution File, Format Version 11.00
# Visual C# Express 2010
Project("{FAE04EC0-301F-11D3-BF4B-00C04F79EFBC}") = "insulation4", "insulation4\insulation4.csproj", "{BA511022-93CD-46AD-9D2C-6BFC5A624680}"
EndProject
Global
	GlobalSection(SolutionConfigurationPlatforms) = preSolution
		Debug|x86 = Debug|x86
		Release|x86 = Release|x86
	EndGlobalSection
	GlobalSection(ProjectConfigurationPlatforms) = postSolution
		{BA511022-93CD-46AD-9D2C-6BFC5A624680}.Debug|x86.ActiveCfg = Debug|x86
		{BA511022-93CD-46AD-9D2C-6BFC5A624680}.Debug|x86.Build.0 = Debug|x86
		{BA511022-93CD-46AD-9D2C-6BFC5A624680}.Release|x86.ActiveCfg = Release|x86
		{BA511022-93CD-46AD-9D2C-6BFC5A624680}.Release|x86.Build.0 = Release|x86
	EndGlobalSection
	GlobalSection(SolutionProperties) = preSolution
		HideSolutionNode = FALSE
	EndGlobalSection
EndGlobal
